
Microsoft Visual Studio Solution File, Format Version 12.00
# Visual Studio Version 17
VisualStudioVersion = 17.8.34525.116
MinimumVisualStudioVersion = 10.0.40219.1
Project("{9A19103F-16F7-4668-BE54-9A1E7A4F7556}") = "TennisScore.App", "TennisScore.App\TennisScore.App.csproj", "{2DC6E011-3205-4E13-9A0E-27DAE1EC94B8}"
EndProject
Project("{FAE04EC0-301F-11D3-BF4B-00C04F79EFBC}") = "TennisScore.Business", "TennisScore.Business\TennisScore.Business.csproj", "{367D1097-4485-4C0B-9E5E-D3E00559C9D0}"
EndProject
Project("{FAE04EC0-301F-11D3-BF4B-00C04F79EFBC}") = "TennisScore.Tests", "TennisScore.Tests\TennisScore.Tests.csproj", "{A774A555-23B8-4BEF-9021-0B162194D928}"
EndProject
Global
	GlobalSection(SolutionConfigurationPlatforms) = preSolution
		Debug|Any CPU = Debug|Any CPU
		Release|Any CPU = Release|Any CPU
	EndGlobalSection
	GlobalSection(ProjectConfigurationPlatforms) = postSolution
		{2DC6E011-3205-4E13-9A0E-27DAE1EC94B8}.Debug|Any CPU.ActiveCfg = Debug|Any CPU
		{2DC6E011-3205-4E13-9A0E-27DAE1EC94B8}.Debug|Any CPU.Build.0 = Debug|Any CPU
		{2DC6E011-3205-4E13-9A0E-27DAE1EC94B8}.Release|Any CPU.ActiveCfg = Release|Any CPU
		{2DC6E011-3205-4E13-9A0E-27DAE1EC94B8}.Release|Any CPU.Build.0 = Release|Any CPU
		{367D1097-4485-4C0B-9E5E-D3E00559C9D0}.Debug|Any CPU.ActiveCfg = Debug|Any CPU
		{367D1097-4485-4C0B-9E5E-D3E00559C9D0}.Debug|Any CPU.Build.0 = Debug|Any CPU
		{367D1097-4485-4C0B-9E5E-D3E00559C9D0}.Release|Any CPU.ActiveCfg = Release|Any CPU
		{367D1097-4485-4C0B-9E5E-D3E00559C9D0}.Release|Any CPU.Build.0 = Release|Any CPU
		{A774A555-23B8-4BEF-9021-0B162194D928}.Debug|Any CPU.ActiveCfg = Debug|Any CPU
		{A774A555-23B8-4BEF-9021-0B162194D928}.Debug|Any CPU.Build.0 = Debug|Any CPU
		{A774A555-23B8-4BEF-9021-0B162194D928}.Release|Any CPU.ActiveCfg = Release|Any CPU
		{A774A555-23B8-4BEF-9021-0B162194D928}.Release|Any CPU.Build.0 = Release|Any CPU
	EndGlobalSection
	GlobalSection(SolutionProperties) = preSolution
		HideSolutionNode = FALSE
	EndGlobalSection
	GlobalSection(ExtensibilityGlobals) = postSolution
		SolutionGuid = {8B31E002-9C9A-4E4D-AC48-BCA8A9A1D9C8}
	EndGlobalSection
EndGlobal
